
Microsoft Visual Studio Solution File, Format Version 12.00
# Visual Studio Version 16
VisualStudioVersion = 25.0.1706.0
MinimumVisualStudioVersion = 10.0.40219.1
Project("{FAE04EC0-301F-11D3-BF4B-00C04F79EFBC}") = "vn_mode_csharp_dz54", "vn_mode_csharp_dz54\vn_mode_csharp_dz54.csproj", "{E0D97793-9FF1-4C4D-BE91-F42F48187E78}"
EndProject
Global
	GlobalSection(SolutionConfigurationPlatforms) = preSolution
		Debug|Any CPU = Debug|Any CPU
		Release|Any CPU = Release|Any CPU
	EndGlobalSection
	GlobalSection(ProjectConfigurationPlatforms) = postSolution
		{E0D97793-9FF1-4C4D-BE91-F42F48187E78}.Debug|Any CPU.ActiveCfg = Debug|Any CPU
		{E0D97793-9FF1-4C4D-BE91-F42F48187E78}.Debug|Any CPU.Build.0 = Debug|Any CPU
		{E0D97793-9FF1-4C4D-BE91-F42F48187E78}.Release|Any CPU.ActiveCfg = Release|Any CPU
		{E0D97793-9FF1-4C4D-BE91-F42F48187E78}.Release|Any CPU.Build.0 = Release|Any CPU
	EndGlobalSection
	GlobalSection(SolutionProperties) = preSolution
		HideSolutionNode = FALSE
	EndGlobalSection
	GlobalSection(ExtensibilityGlobals) = postSolution
		SolutionGuid = {375C68F8-8D66-4EC9-9D65-8A0D350066EC}
	EndGlobalSection
EndGlobal
